
Microsoft Visual Studio Solution File, Format Version 12.00
# Visual Studio Version 17
VisualStudioVersion = 17.14.36915.13 d17.14
MinimumVisualStudioVersion = 10.0.40219.1
Project("{FAE04EC0-301F-11D3-BF4B-00C04F79EFBC}") = "Kn5Decrypt", "Kn5Decrypt\Kn5Decrypt.csproj", "{D51F3D72-24E0-4F1D-8EAD-1F52BB419615}"
EndProject
Global
	GlobalSection(SolutionConfigurationPlatforms) = preSolution
		Debug|Any CPU = Debug|Any CPU
		Release|Any CPU = Release|Any CPU
	EndGlobalSection
	GlobalSection(ProjectConfigurationPlatforms) = postSolution
		{D51F3D72-24E0-4F1D-8EAD-1F52BB419615}.Debug|Any CPU.ActiveCfg = Debug|Any CPU
		{D51F3D72-24E0-4F1D-8EAD-1F52BB419615}.Debug|Any CPU.Build.0 = Debug|Any CPU
		{D51F3D72-24E0-4F1D-8EAD-1F52BB419615}.Release|Any CPU.ActiveCfg = Release|Any CPU
		{D51F3D72-24E0-4F1D-8EAD-1F52BB419615}.Release|Any CPU.Build.0 = Release|Any CPU
	EndGlobalSection
	GlobalSection(SolutionProperties) = preSolution
		HideSolutionNode = FALSE
	EndGlobalSection
	GlobalSection(ExtensibilityGlobals) = postSolution
		SolutionGuid = {2066B87B-E8BB-4799-8F7E-CC3245259A1C}
	EndGlobalSection
EndGlobal
